
Microsoft Visual Studio Solution File, Format Version 12.00
# Visual Studio Version 17
VisualStudioVersion = 17.0.31903.59
MinimumVisualStudioVersion = 10.0.40219.1
Project("{2150E333-8FDC-42A3-9474-1A3956D46DE8}") = "App", "App", "{BB7C0A9F-B085-468A-A3EB-275FE8CA87E8}"
EndProject
Project("{FAE04EC0-301F-11D3-BF4B-00C04F79EFBC}") = "Core", "App\Core\Core.csproj", "{314DACF0-CF82-4F1B-9238-90933D275784}"
EndProject
Project("{FAE04EC0-301F-11D3-BF4B-00C04F79EFBC}") = "Data", "App\Data\Data.csproj", "{2247E142-C7F0-4234-9B90-AB3993E05710}"
EndProject
Project("{FAE04EC0-301F-11D3-BF4B-00C04F79EFBC}") = "Web", "App\Web\Web.csproj", "{4B8B9B86-CEA0-4756-BF4D-D8DB68BA78AF}"
EndProject
Global
	GlobalSection(SolutionConfigurationPlatforms) = preSolution
		Debug|Any CPU = Debug|Any CPU
		Release|Any CPU = Release|Any CPU
	EndGlobalSection
	GlobalSection(SolutionProperties) = preSolution
		HideSolutionNode = FALSE
	EndGlobalSection
	GlobalSection(ProjectConfigurationPlatforms) = postSolution
		{314DACF0-CF82-4F1B-9238-90933D275784}.Debug|Any CPU.ActiveCfg = Debug|Any CPU
		{314DACF0-CF82-4F1B-9238-90933D275784}.Debug|Any CPU.Build.0 = Debug|Any CPU
		{314DACF0-CF82-4F1B-9238-90933D275784}.Release|Any CPU.ActiveCfg = Release|Any CPU
		{314DACF0-CF82-4F1B-9238-90933D275784}.Release|Any CPU.Build.0 = Release|Any CPU
		{2247E142-C7F0-4234-9B90-AB3993E05710}.Debug|Any CPU.ActiveCfg = Debug|Any CPU
		{2247E142-C7F0-4234-9B90-AB3993E05710}.Debug|Any CPU.Build.0 = Debug|Any CPU
		{2247E142-C7F0-4234-9B90-AB3993E05710}.Release|Any CPU.ActiveCfg = Release|Any CPU
		{2247E142-C7F0-4234-9B90-AB3993E05710}.Release|Any CPU.Build.0 = Release|Any CPU
		{4B8B9B86-CEA0-4756-BF4D-D8DB68BA78AF}.Debug|Any CPU.ActiveCfg = Debug|Any CPU
		{4B8B9B86-CEA0-4756-BF4D-D8DB68BA78AF}.Debug|Any CPU.Build.0 = Debug|Any CPU
		{4B8B9B86-CEA0-4756-BF4D-D8DB68BA78AF}.Release|Any CPU.ActiveCfg = Release|Any CPU
		{4B8B9B86-CEA0-4756-BF4D-D8DB68BA78AF}.Release|Any CPU.Build.0 = Release|Any CPU
	EndGlobalSection
	GlobalSection(NestedProjects) = preSolution
		{314DACF0-CF82-4F1B-9238-90933D275784} = {BB7C0A9F-B085-468A-A3EB-275FE8CA87E8}
		{2247E142-C7F0-4234-9B90-AB3993E05710} = {BB7C0A9F-B085-468A-A3EB-275FE8CA87E8}
		{4B8B9B86-CEA0-4756-BF4D-D8DB68BA78AF} = {BB7C0A9F-B085-468A-A3EB-275FE8CA87E8}
	EndGlobalSection
EndGlobal
